
Microsoft Visual Studio Solution File, Format Version 12.00
# Visual Studio 2012
Project("{8BC9CEB8-8B4A-11D0-8D11-00A0C91BC942}") = "TestCRC32", "TestCRC32\TestCRC32.vcxproj", "{79A3751A-3DFC-4CFB-A831-C884360C4CBA}"
EndProject
Global
	GlobalSection(SolutionConfigurationPlatforms) = preSolution
		Debug|Win32 = Debug|Win32
		Release|Win32 = Release|Win32
	EndGlobalSection
	GlobalSection(ProjectConfigurationPlatforms) = postSolution
		{79A3751A-3DFC-4CFB-A831-C884360C4CBA}.Debug|Win32.ActiveCfg = Debug|Win32
		{79A3751A-3DFC-4CFB-A831-C884360C4CBA}.Debug|Win32.Build.0 = Debug|Win32
		{79A3751A-3DFC-4CFB-A831-C884360C4CBA}.Release|Win32.ActiveCfg = Release|Win32
		{79A3751A-3DFC-4CFB-A831-C884360C4CBA}.Release|Win32.Build.0 = Release|Win32
	EndGlobalSection
	GlobalSection(SolutionProperties) = preSolution
		HideSolutionNode = FALSE
	EndGlobalSection
EndGlobal
